
Microsoft Visual Studio Solution File, Format Version 12.00
# Visual Studio Version 17
VisualStudioVersion = 17.5.002.0
MinimumVisualStudioVersion = 10.0.40219.1
Project("{9A19103F-16F7-4668-BE54-9A1E7A4F7556}") = "api", "api\api.csproj", "{BF6944D9-FCAA-44AD-AC45-CAD181F9B22C}"
EndProject
Project("{FAE04EC0-301F-11D3-BF4B-00C04F79EFBC}") = "webshop.Tests", "webshop.Tests\webshop.Tests.csproj", "{EB9CE5BE-A44D-4593-ADF6-D2E2ADEE24A9}"
EndProject
Global
	GlobalSection(SolutionConfigurationPlatforms) = preSolution
		Debug|Any CPU = Debug|Any CPU
		Release|Any CPU = Release|Any CPU
	EndGlobalSection
	GlobalSection(ProjectConfigurationPlatforms) = postSolution
		{BF6944D9-FCAA-44AD-AC45-CAD181F9B22C}.Debug|Any CPU.ActiveCfg = Debug|Any CPU
		{BF6944D9-FCAA-44AD-AC45-CAD181F9B22C}.Debug|Any CPU.Build.0 = Debug|Any CPU
		{BF6944D9-FCAA-44AD-AC45-CAD181F9B22C}.Release|Any CPU.ActiveCfg = Release|Any CPU
		{BF6944D9-FCAA-44AD-AC45-CAD181F9B22C}.Release|Any CPU.Build.0 = Release|Any CPU
		{EB9CE5BE-A44D-4593-ADF6-D2E2ADEE24A9}.Debug|Any CPU.ActiveCfg = Debug|Any CPU
		{EB9CE5BE-A44D-4593-ADF6-D2E2ADEE24A9}.Debug|Any CPU.Build.0 = Debug|Any CPU
		{EB9CE5BE-A44D-4593-ADF6-D2E2ADEE24A9}.Release|Any CPU.ActiveCfg = Release|Any CPU
		{EB9CE5BE-A44D-4593-ADF6-D2E2ADEE24A9}.Release|Any CPU.Build.0 = Release|Any CPU
	EndGlobalSection
	GlobalSection(SolutionProperties) = preSolution
		HideSolutionNode = FALSE
	EndGlobalSection
	GlobalSection(ExtensibilityGlobals) = postSolution
		SolutionGuid = {1BD01195-4340-4ED8-970D-B991E4C6ED77}
	EndGlobalSection
EndGlobal
